<Solution>
  <Folder Name="/Bootstrapper/">
    <Project Path="src/Bootstrapper/ByteSpot.Bootstrapper/ByteSpot.Bootstrapper.csproj" />
  </Folder>
  <Folder Name="/src/">
    <Project Path="src/ByteSpot.Application/ByteSpot.Application.csproj" />
    <Project Path="src/ByteSpot.Domain/ByteSpot.Domain.csproj" />
    <Project Path="src/ByteSpot.Infrastructure/ByteSpot.Infrastructure.csproj" />
  </Folder>
</Solution>
